
Microsoft Visual Studio Solution File, Format Version 12.00
# Visual Studio Version 17
VisualStudioVersion = 17.9.34902.65
MinimumVisualStudioVersion = 10.0.40219.1
Project("{9A19103F-16F7-4668-BE54-9A1E7A4F7556}") = "Calculadora", "ConsoleApp1\Calculadora.csproj", "{BBED099B-FA51-402C-BC28-A93D096D3E92}"
EndProject
Project("{9A19103F-16F7-4668-BE54-9A1E7A4F7556}") = "EstructurasRepetitivas", "EstructurasRepetitivas\EstructurasRepetitivas.csproj", "{51F546DC-5AD9-4C0A-94FA-82525628A5C9}"
EndProject
Project("{9A19103F-16F7-4668-BE54-9A1E7A4F7556}") = "POO", "POO\POO.csproj", "{CC230CD5-D315-4255-ADC5-5FE62479F688}"
EndProject
Project("{2150E333-8FDC-42A3-9474-1A3956D46DE8}") = "Sesion 03", "Sesion 03", "{8E695C2E-0A41-4893-B363-32734A1506DE}"
EndProject
Project("{9A19103F-16F7-4668-BE54-9A1E7A4F7556}") = "Entidades", "Entidades\Entidades.csproj", "{A77569DA-3317-4604-98A8-CBDC7E64F8B6}"
EndProject
Project("{9A19103F-16F7-4668-BE54-9A1E7A4F7556}") = "Lanzador", "Lanzador\Lanzador.csproj", "{5CC62ED2-F3C8-4B4E-8DCB-537853666AD5}"
EndProject
Project("{2150E333-8FDC-42A3-9474-1A3956D46DE8}") = "AplicacionDeDatos", "AplicacionDeDatos", "{8372E87A-11B5-4772-A4A5-13A909EAB58B}"
EndProject
Project("{FAE04EC0-301F-11D3-BF4B-00C04F79EFBC}") = "EcommerceWeb.Aplicacion", "EcommerceWeb.Aplicacion\EcommerceWeb.Aplicacion.csproj", "{80F9EAF5-CF35-479E-A2F2-B1FC9A41D632}"
EndProject
Project("{FAE04EC0-301F-11D3-BF4B-00C04F79EFBC}") = "EcommerceWeb.Entidades", "EcommerceWeb.Entidades\EcommerceWeb.Entidades.csproj", "{67A29027-1FF9-44B2-A623-08DC76F2F81E}"
EndProject
Project("{FAE04EC0-301F-11D3-BF4B-00C04F79EFBC}") = "EcommerceWeb.Repositorios", "EcommerceWeb.Repositorios\EcommerceWeb.Repositorios.csproj", "{E8C12585-7155-413C-A4E1-AEC78C9648CA}"
EndProject
Global
	GlobalSection(SolutionConfigurationPlatforms) = preSolution
		Debug|Any CPU = Debug|Any CPU
		Release|Any CPU = Release|Any CPU
	EndGlobalSection
	GlobalSection(ProjectConfigurationPlatforms) = postSolution
		{BBED099B-FA51-402C-BC28-A93D096D3E92}.Debug|Any CPU.ActiveCfg = Debug|Any CPU
		{BBED099B-FA51-402C-BC28-A93D096D3E92}.Debug|Any CPU.Build.0 = Debug|Any CPU
		{BBED099B-FA51-402C-BC28-A93D096D3E92}.Release|Any CPU.ActiveCfg = Release|Any CPU
		{BBED099B-FA51-402C-BC28-A93D096D3E92}.Release|Any CPU.Build.0 = Release|Any CPU
		{51F546DC-5AD9-4C0A-94FA-82525628A5C9}.Debug|Any CPU.ActiveCfg = Debug|Any CPU
		{51F546DC-5AD9-4C0A-94FA-82525628A5C9}.Debug|Any CPU.Build.0 = Debug|Any CPU
		{51F546DC-5AD9-4C0A-94FA-82525628A5C9}.Release|Any CPU.ActiveCfg = Release|Any CPU
		{51F546DC-5AD9-4C0A-94FA-82525628A5C9}.Release|Any CPU.Build.0 = Release|Any CPU
		{CC230CD5-D315-4255-ADC5-5FE62479F688}.Debug|Any CPU.ActiveCfg = Debug|Any CPU
		{CC230CD5-D315-4255-ADC5-5FE62479F688}.Debug|Any CPU.Build.0 = Debug|Any CPU
		{CC230CD5-D315-4255-ADC5-5FE62479F688}.Release|Any CPU.ActiveCfg = Release|Any CPU
		{CC230CD5-D315-4255-ADC5-5FE62479F688}.Release|Any CPU.Build.0 = Release|Any CPU
		{A77569DA-3317-4604-98A8-CBDC7E64F8B6}.Debug|Any CPU.ActiveCfg = Debug|Any CPU
		{A77569DA-3317-4604-98A8-CBDC7E64F8B6}.Debug|Any CPU.Build.0 = Debug|Any CPU
		{A77569DA-3317-4604-98A8-CBDC7E64F8B6}.Release|Any CPU.ActiveCfg = Release|Any CPU
		{A77569DA-3317-4604-98A8-CBDC7E64F8B6}.Release|Any CPU.Build.0 = Release|Any CPU
		{5CC62ED2-F3C8-4B4E-8DCB-537853666AD5}.Debug|Any CPU.ActiveCfg = Debug|Any CPU
		{5CC62ED2-F3C8-4B4E-8DCB-537853666AD5}.Debug|Any CPU.Build.0 = Debug|Any CPU
		{5CC62ED2-F3C8-4B4E-8DCB-537853666AD5}.Release|Any CPU.ActiveCfg = Release|Any CPU
		{5CC62ED2-F3C8-4B4E-8DCB-537853666AD5}.Release|Any CPU.Build.0 = Release|Any CPU
		{80F9EAF5-CF35-479E-A2F2-B1FC9A41D632}.Debug|Any CPU.ActiveCfg = Debug|Any CPU
		{80F9EAF5-CF35-479E-A2F2-B1FC9A41D632}.Debug|Any CPU.Build.0 = Debug|Any CPU
		{80F9EAF5-CF35-479E-A2F2-B1FC9A41D632}.Release|Any CPU.ActiveCfg = Release|Any CPU
		{80F9EAF5-CF35-479E-A2F2-B1FC9A41D632}.Release|Any CPU.Build.0 = Release|Any CPU
		{67A29027-1FF9-44B2-A623-08DC76F2F81E}.Debug|Any CPU.ActiveCfg = Debug|Any CPU
		{67A29027-1FF9-44B2-A623-08DC76F2F81E}.Debug|Any CPU.Build.0 = Debug|Any CPU
		{67A29027-1FF9-44B2-A623-08DC76F2F81E}.Release|Any CPU.ActiveCfg = Release|Any CPU
		{67A29027-1FF9-44B2-A623-08DC76F2F81E}.Release|Any CPU.Build.0 = Release|Any CPU
		{E8C12585-7155-413C-A4E1-AEC78C9648CA}.Debug|Any CPU.ActiveCfg = Debug|Any CPU
		{E8C12585-7155-413C-A4E1-AEC78C9648CA}.Debug|Any CPU.Build.0 = Debug|Any CPU
		{E8C12585-7155-413C-A4E1-AEC78C9648CA}.Release|Any CPU.ActiveCfg = Release|Any CPU
		{E8C12585-7155-413C-A4E1-AEC78C9648CA}.Release|Any CPU.Build.0 = Release|Any CPU
	EndGlobalSection
	GlobalSection(SolutionProperties) = preSolution
		HideSolutionNode = FALSE
	EndGlobalSection
	GlobalSection(NestedProjects) = preSolution
		{A77569DA-3317-4604-98A8-CBDC7E64F8B6} = {8E695C2E-0A41-4893-B363-32734A1506DE}
		{5CC62ED2-F3C8-4B4E-8DCB-537853666AD5} = {8E695C2E-0A41-4893-B363-32734A1506DE}
		{80F9EAF5-CF35-479E-A2F2-B1FC9A41D632} = {8372E87A-11B5-4772-A4A5-13A909EAB58B}
		{67A29027-1FF9-44B2-A623-08DC76F2F81E} = {8372E87A-11B5-4772-A4A5-13A909EAB58B}
		{E8C12585-7155-413C-A4E1-AEC78C9648CA} = {8372E87A-11B5-4772-A4A5-13A909EAB58B}
	EndGlobalSection
	GlobalSection(ExtensibilityGlobals) = postSolution
		SolutionGuid = {6683CACC-11C9-4461-8D6B-F3F663664448}
	EndGlobalSection
EndGlobal
